
Microsoft Visual Studio Solution File, Format Version 12.00
# Visual Studio 14
VisualStudioVersion = 14.0.25420.1
MinimumVisualStudioVersion = 10.0.40219.1
Project("{F184B08F-C81C-45F6-A57F-5ABD9991F28F}") = "MusicSchool", "MusicSchool\MusicSchool.vbproj", "{677478F4-91F0-4121-89E2-CA6F9E4AB339}"
EndProject
Project("{FAE04EC0-301F-11D3-BF4B-00C04F79EFBC}") = "MyControls", "MyControls\MyControls.csproj", "{BC7E5C4B-E130-4AA8-BB9E-1DEC3692D27E}"
EndProject
Global
	GlobalSection(SolutionConfigurationPlatforms) = preSolution
		Debug|Any CPU = Debug|Any CPU
		Debug|x86 = Debug|x86
		Release|Any CPU = Release|Any CPU
		Release|x86 = Release|x86
	EndGlobalSection
	GlobalSection(ProjectConfigurationPlatforms) = postSolution
		{677478F4-91F0-4121-89E2-CA6F9E4AB339}.Debug|Any CPU.ActiveCfg = Debug|x86
		{677478F4-91F0-4121-89E2-CA6F9E4AB339}.Debug|x86.ActiveCfg = Debug|x86
		{677478F4-91F0-4121-89E2-CA6F9E4AB339}.Debug|x86.Build.0 = Debug|x86
		{677478F4-91F0-4121-89E2-CA6F9E4AB339}.Release|Any CPU.ActiveCfg = Release|x86
		{677478F4-91F0-4121-89E2-CA6F9E4AB339}.Release|x86.ActiveCfg = Release|x86
		{677478F4-91F0-4121-89E2-CA6F9E4AB339}.Release|x86.Build.0 = Release|x86
		{BC7E5C4B-E130-4AA8-BB9E-1DEC3692D27E}.Debug|Any CPU.ActiveCfg = Debug|Any CPU
		{BC7E5C4B-E130-4AA8-BB9E-1DEC3692D27E}.Debug|Any CPU.Build.0 = Debug|Any CPU
		{BC7E5C4B-E130-4AA8-BB9E-1DEC3692D27E}.Debug|x86.ActiveCfg = Debug|Any CPU
		{BC7E5C4B-E130-4AA8-BB9E-1DEC3692D27E}.Debug|x86.Build.0 = Debug|Any CPU
		{BC7E5C4B-E130-4AA8-BB9E-1DEC3692D27E}.Release|Any CPU.ActiveCfg = Release|Any CPU
		{BC7E5C4B-E130-4AA8-BB9E-1DEC3692D27E}.Release|Any CPU.Build.0 = Release|Any CPU
		{BC7E5C4B-E130-4AA8-BB9E-1DEC3692D27E}.Release|x86.ActiveCfg = Release|Any CPU
		{BC7E5C4B-E130-4AA8-BB9E-1DEC3692D27E}.Release|x86.Build.0 = Release|Any CPU
	EndGlobalSection
	GlobalSection(SolutionProperties) = preSolution
		HideSolutionNode = FALSE
	EndGlobalSection
EndGlobal
